
Microsoft Visual Studio Solution File, Format Version 12.00
Project("{FAE04EC0-301F-11D3-BF4B-00C04F79EFBC}") = "EFCoreSpeedTest.Storage", "EFCoreSpeedTest.Storage\EFCoreSpeedTest.Storage.csproj", "{6452AE5D-A743-4289-936B-F028783BA959}"
EndProject
Project("{FAE04EC0-301F-11D3-BF4B-00C04F79EFBC}") = "EFCoreSpeedTest.Api", "EFCoreSpeedTest.Api\EFCoreSpeedTest.Api.csproj", "{CD3EB084-FF36-4638-9F35-CD9ADB13AB6C}"
EndProject
Project("{FAE04EC0-301F-11D3-BF4B-00C04F79EFBC}") = "EFCoreSpeedTest.Business", "EFCoreSpeedTest.Business\EFCoreSpeedTest.Business.csproj", "{BED1BAFD-C739-4716-91FD-AAFD379D3AC0}"
EndProject
Project("{FAE04EC0-301F-11D3-BF4B-00C04F79EFBC}") = "EFCoreSpeedTest.Storage.Abstractions", "EFCoreSpeedTest.Storage.Abstractions\EFCoreSpeedTest.Storage.Abstractions.csproj", "{7AA8F7BF-D658-42F8-8091-62AF9CE4BC87}"
EndProject
Project("{FAE04EC0-301F-11D3-BF4B-00C04F79EFBC}") = "EFCoreSpeedTest.Services", "EFCoreSpeedTest.Services\EFCoreSpeedTest.Services.csproj", "{3C25AA8B-82D8-435F-9B2F-F19865C3E89A}"
EndProject
Project("{2150E333-8FDC-42A3-9474-1A3956D46DE8}") = "infrastructure", "infrastructure", "{23F8CC95-2DBF-4E43-AB71-3849D222501D}"
	ProjectSection(SolutionItems) = preProject
		docker-compose.yml = docker-compose.yml
	EndProjectSection
EndProject
Project("{FAE04EC0-301F-11D3-BF4B-00C04F79EFBC}") = "EFCoreSpeedTest.Common", "EFCoreSpeedTest.Common\EFCoreSpeedTest.Common.csproj", "{3C468E07-D995-44D1-A1D7-F0F82CF292AA}"
EndProject
Global
	GlobalSection(SolutionConfigurationPlatforms) = preSolution
		Debug|Any CPU = Debug|Any CPU
		Release|Any CPU = Release|Any CPU
	EndGlobalSection
	GlobalSection(ProjectConfigurationPlatforms) = postSolution
		{6452AE5D-A743-4289-936B-F028783BA959}.Debug|Any CPU.ActiveCfg = Debug|Any CPU
		{6452AE5D-A743-4289-936B-F028783BA959}.Debug|Any CPU.Build.0 = Debug|Any CPU
		{6452AE5D-A743-4289-936B-F028783BA959}.Release|Any CPU.ActiveCfg = Release|Any CPU
		{6452AE5D-A743-4289-936B-F028783BA959}.Release|Any CPU.Build.0 = Release|Any CPU
		{CD3EB084-FF36-4638-9F35-CD9ADB13AB6C}.Debug|Any CPU.ActiveCfg = Debug|Any CPU
		{CD3EB084-FF36-4638-9F35-CD9ADB13AB6C}.Debug|Any CPU.Build.0 = Debug|Any CPU
		{CD3EB084-FF36-4638-9F35-CD9ADB13AB6C}.Release|Any CPU.ActiveCfg = Release|Any CPU
		{CD3EB084-FF36-4638-9F35-CD9ADB13AB6C}.Release|Any CPU.Build.0 = Release|Any CPU
		{BED1BAFD-C739-4716-91FD-AAFD379D3AC0}.Debug|Any CPU.ActiveCfg = Debug|Any CPU
		{BED1BAFD-C739-4716-91FD-AAFD379D3AC0}.Debug|Any CPU.Build.0 = Debug|Any CPU
		{BED1BAFD-C739-4716-91FD-AAFD379D3AC0}.Release|Any CPU.ActiveCfg = Release|Any CPU
		{BED1BAFD-C739-4716-91FD-AAFD379D3AC0}.Release|Any CPU.Build.0 = Release|Any CPU
		{7AA8F7BF-D658-42F8-8091-62AF9CE4BC87}.Debug|Any CPU.ActiveCfg = Debug|Any CPU
		{7AA8F7BF-D658-42F8-8091-62AF9CE4BC87}.Debug|Any CPU.Build.0 = Debug|Any CPU
		{7AA8F7BF-D658-42F8-8091-62AF9CE4BC87}.Release|Any CPU.ActiveCfg = Release|Any CPU
		{7AA8F7BF-D658-42F8-8091-62AF9CE4BC87}.Release|Any CPU.Build.0 = Release|Any CPU
		{3C25AA8B-82D8-435F-9B2F-F19865C3E89A}.Debug|Any CPU.ActiveCfg = Debug|Any CPU
		{3C25AA8B-82D8-435F-9B2F-F19865C3E89A}.Debug|Any CPU.Build.0 = Debug|Any CPU
		{3C25AA8B-82D8-435F-9B2F-F19865C3E89A}.Release|Any CPU.ActiveCfg = Release|Any CPU
		{3C25AA8B-82D8-435F-9B2F-F19865C3E89A}.Release|Any CPU.Build.0 = Release|Any CPU
		{3C468E07-D995-44D1-A1D7-F0F82CF292AA}.Debug|Any CPU.ActiveCfg = Debug|Any CPU
		{3C468E07-D995-44D1-A1D7-F0F82CF292AA}.Debug|Any CPU.Build.0 = Debug|Any CPU
		{3C468E07-D995-44D1-A1D7-F0F82CF292AA}.Release|Any CPU.ActiveCfg = Release|Any CPU
		{3C468E07-D995-44D1-A1D7-F0F82CF292AA}.Release|Any CPU.Build.0 = Release|Any CPU
	EndGlobalSection
	GlobalSection(NestedProjects) = preSolution
	EndGlobalSection
EndGlobal
